{
  "plugin_type": "utilities",
  "name": "doc-converter",
  "namespace": "doc_converter",
  "variant": "matatika",
  "label": "Document converter",
  "pip_url": "git+https://github.com/Matatika/utility-doc-converter.git",
  "description": "Utility for converting `.doc`, `.docx` and `.pdf` files into the Matatika dataset format.",
  "settings": [
    {
      "name": "file_path",
      "kind": "string",
      "label": "File path",
      "description": "File or directory path of the document(s) to convert",
      "required": "false",
      "protected": false
    },
    {
      "name": "output_dir",
      "kind": "string",
      "label": "Output directory",
      "description": "Directory where converted document(s) are output into",
      "required": "false",
      "protected": false
    }
  ]
}